// !$*UTF8*$!
{
	archiveVersion = 1;
	classes = {
	};
	objectVersion = 46;
	objects = {

/* Begin PBXBuildFile section */
		DD8EFD011A18654800873514 /* match.cpp in Sources */ = {isa = PBXBuildFile; fileRef = DD8EFD001A18654800873514 /* match.cpp */; };
/* End PBXBuildFile section */

/* Begin PBXCopyFilesBuildPhase section */
		DD8EFCFB1A18654800873514 /* CopyFiles */ = {
			isa = PBXCopyFilesBuildPhase;
			buildActionMask = 2147483647;
			dstPath = /usr/share/man/man1/;
			dstSubfolderSpec = 0;
			files = (
			);
			runOnlyForDeploymentPostprocessing = 1;
		};
/* End PBXCopyFilesBuildPhase section */

/* Begin PBXFileReference section */
		DD8EFCFD1A18654800873514 /* Project 5 */ = {isa = PBXFileReference; explicitFileType = "compiled.mach-o.executable"; includeInIndex = 0; path = "Project 5"; sourceTree = BUILT_PRODUCTS_DIR; };
		DD8EFD001A18654800873514 /* match.cpp */ = {isa = PBXFileReference; lastKnownFileType = sourcecode.cpp.cpp; path = match.cpp; sourceTree = "<group>"; };
/* End PBXFileReference section */

/* Begin PBXFrameworksBuildPhase section */
		DD8EFCFA1A18654800873514 /* Frameworks */ = {
			isa = PBXFrameworksBuildPhase;
			buildActionMask = 2147483647;
			files = (
			);
			runOnlyForDeploymentPostprocessing = 0;
		};
/* End PBXFrameworksBuildPhase section */

/* Begin PBXGroup section */
		DD8EFCF41A18654800873514 = {
			isa = PBXGroup;
			children = (
				DD8EFCFF1A18654800873514 /* Project 5 */,
				DD8EFCFE1A18654800873514 /* Products */,
			);
			sourceTree = "<group>";
		};
		DD8EFCFE1A18654800873514 /* Products */ = {
			isa = PBXGroup;
			children = (
				DD8EFCFD1A18654800873514 /* Project 5 */,
			);
			name = Products;
			sourceTree = "<group>";
		};
		DD8EFCFF1A18654800873514 /* Project 5 */ = {
			isa = PBXGroup;
			children = (
				DD8EFD001A18654800873514 /* match.cpp */,
			);
			path = "Project 5";
			sourceTree = "<group>";
		};
/* End PBXGroup section */

/* Begin PBXNativeTarget section */
		DD8EFCFC1A18654800873514 /* Project 5 */ = {
			isa = PBXNativeTarget;
			buildConfigurationList = DD8EFD041A18654800873514 /* Build configuration list for PBXNativeTarget "Project 5" */;
			buildPhases = (
				DD8EFCF91A18654800873514 /* Sources */,
				DD8EFCFA1A18654800873514 /* Frameworks */,
				DD8EFCFB1A18654800873514 /* CopyFiles */,
			);
			buildRules = (
			);
			dependencies = (
			);
			name = "Project 5";
			productName = "Project 5";
			productReference = DD8EFCFD1A18654800873514 /* Project 5 */;
			productType = "com.apple.product-type.tool";
		};
/* End PBXNativeTarget section */

/* Begin PBXProject section */
		DD8EFCF51A18654800873514 /* Project object */ = {
			isa = PBXProject;
			attributes = {
				LastUpgradeCheck = 0610;
				ORGANIZATIONNAME = "Connor Kenny";
				TargetAttributes = {
					DD8EFCFC1A18654800873514 = {
						CreatedOnToolsVersion = 6.1;
					};
				};
			};
			buildConfigurationList = DD8EFCF81A18654800873514 /* Build configuration list for PBXProject "Project 5" */;
			compatibilityVersion = "Xcode 3.2";
			developmentRegion = English;
			hasScannedForEncodings = 0;
			knownRegions = (
				en,
			);
			mainGroup = DD8EFCF41A18654800873514;
			productRefGroup = DD8EFCFE1A18654800873514 /* Products */;
			projectDirPath = "";
			projectRoot = "";
			targets = (
				DD8EFCFC1A18654800873514 /* Project 5 */,
			);
		};
/* End PBXProject section */

/* Begin PBXSourcesBuildPhase section */
		DD8EFCF91A18654800873514 /* Sources */ = {
			isa = PBXSourcesBuildPhase;
			buildActionMask = 2147483647;
			files = (
				DD8EFD011A18654800873514 /* match.cpp in Sources */,
			);
			runOnlyForDeploymentPostprocessing = 0;
		};
/* End PBXSourcesBuildPhase section */

/* Begin XCBuildConfiguration section */
		DD8EFD021A18654800873514 /* Debug */ = {
			isa = XCBuildConfiguration;
			buildSettings = {
				ALWAYS_SEARCH_USER_PATHS = NO;
				CLANG_CXX_LANGUAGE_STANDARD = "gnu++0x";
				CLANG_CXX_LIBRARY = "libc++";
				CLANG_ENABLE_MODULES = YES;
				CLANG_ENABLE_OBJC_ARC = YES;
				CLANG_WARN_BOOL_CONVERSION = YES;
				CLANG_WARN_CONSTANT_CONVERSION = YES;
				CLANG_WARN_DIRECT_OBJC_ISA_USAGE = YES_ERROR;
				CLANG_WARN_EMPTY_BODY = YES;
				CLANG_WARN_ENUM_CONVERSION = YES;
				CLANG_WARN_INT_CONVERSION = YES;
				CLANG_WARN_OBJC_ROOT_CLASS = YES_ERROR;
				CLANG_WARN_UNREACHABLE_CODE = YES;
				CLANG_WARN__DUPLICATE_METHOD_MATCH = YES;
				COPY_PHASE_STRIP = NO;
				ENABLE_STRICT_OBJC_MSGSEND = YES;
				GCC_C_LANGUAGE_STANDARD = gnu99;
				GCC_DYNAMIC_NO_PIC = NO;
				GCC_OPTIMIZATION_LEVEL = 0;
				GCC_PREPROCESSOR_DEFINITIONS = (
					"DEBUG=1",
					"$(inherited)",
				);
				GCC_SYMBOLS_PRIVATE_EXTERN = NO;
				GCC_WARN_64_TO_32_BIT_CONVERSION = YES;
				GCC_WARN_ABOUT_RETURN_TYPE = YES_ERROR;
				GCC_WARN_UNDECLARED_SELECTOR = YES;
				GCC_WARN_UNINITIALIZED_AUTOS = YES_AGGRESSIVE;
				GCC_WARN_UNUSED_FUNCTION = YES;
				GCC_WARN_UNUSED_VARIABLE = YES;
				MACOSX_DEPLOYMENT_TARGET = 10.10;
				MTL_ENABLE_DEBUG_INFO = YES;
				ONLY_ACTIVE_ARCH = YES;
				SDKROOT = macosx;
			};
			name = Debug;
		};
		DD8EFD031A18654800873514 /* Release */ = {
			isa = XCBuildConfiguration;
			buildSettings = {
				ALWAYS_SEARCH_USER_PATHS = NO;
				CLANG_CXX_LANGUAGE_STANDARD = "gnu++0x";
				CLANG_CXX_LIBRARY = "libc++";
				CLANG_ENABLE_MODULES = YES;
				CLANG_ENABLE_OBJC_ARC = YES;
				CLANG_WARN_BOOL_CONVERSION = YES;
				CLANG_WARN_CONSTANT_CONVERSION = YES;
				CLANG_WARN_DIRECT_OBJC_ISA_USAGE = YES_ERROR;
				CLANG_WARN_EMPTY_BODY = YES;
				CLANG_WARN_ENUM_CONVERSION = YES;
				CLANG_WARN_INT_CONVERSION = YES;
				CLANG_WARN_OBJC_ROOT_CLASS = YES_ERROR;
				CLANG_WARN_UNREACHABLE_CODE = YES;
				CLANG_WARN__DUPLICATE_METHOD_MATCH = YES;
				COPY_PHASE_STRIP = YES;
				DEBUG_INFORMATION_FORMAT = "dwarf-with-dsym";
				ENABLE_NS_ASSERTIONS = NO;
				ENABLE_STRICT_OBJC_MSGSEND = YES;
				GCC_C_LANGUAGE_STANDARD = gnu99;
				GCC_WARN_64_TO_32_BIT_CONVERSION = YES;
				GCC_WARN_ABOUT_RETURN_TYPE = YES_ERROR;
				GCC_WARN_UNDECLARED_SELECTOR = YES;
				GCC_WARN_UNINITIALIZED_AUTOS = YES_AGGRESSIVE;
				GCC_WARN_UNUSED_FUNCTION = YES;
				GCC_WARN_UNUSED_VARIABLE = YES;
				MACOSX_DEPLOYMENT_TARGET = 10.10;
				MTL_ENABLE_DEBUG_INFO = NO;
				SDKROOT = macosx;
			};
			name = Release;
		};
		DD8EFD051A18654800873514 /* Debug */ = {
			isa = XCBuildConfiguration;
			buildSettings = {
				PRODUCT_NAME = "$(TARGET_NAME)";
			};
			name = Debug;
		};
		DD8EFD061A18654800873514 /* Release */ = {
			isa = XCBuildConfiguration;
			buildSettings = {
				PRODUCT_NAME = "$(TARGET_NAME)";
			};
			name = Release;
		};
/* End XCBuildConfiguration section */

/* Begin XCConfigurationList section */
		DD8EFCF81A18654800873514 /* Build configuration list for PBXProject "Project 5" */ = {
			isa = XCConfigurationList;
			buildConfigurations = (
				DD8EFD021A18654800873514 /* Debug */,
				DD8EFD031A18654800873514 /* Release */,
			);
			defaultConfigurationIsVisible = 0;
			defaultConfigurationName = Release;
		};
		DD8EFD041A18654800873514 /* Build configuration list for PBXNativeTarget "Project 5" */ = {
			isa = XCConfigurationList;
			buildConfigurations = (
				DD8EFD051A18654800873514 /* Debug */,
				DD8EFD061A18654800873514 /* Release */,
			);
			defaultConfigurationIsVisible = 0;
		};
/* End XCConfigurationList section */
	};
	rootObject = DD8EFCF51A18654800873514 /* Project object */;
}
